<?xml version="1.0" encoding="utf-8"?>
<Project ToolsVersion="4.0" xmlns="http://schemas.microsoft.com/developer/msbuild/2003">
  <ItemGroup>
    <ClCompile Include="src\pch.cpp">
      <Filter>src</Filter>
    </ClCompile>
    <ClCompile Include="src\ArHosekSkyModel.cpp">
      <Filter>src\fluxions-deps</Filter>
    </ClCompile>
    <ClCompile Include="src\damselfish.cpp">
      <Filter>src\damselfish</Filter>
    </ClCompile>
    <ClCompile Include="src\damselfish_evaluator.cpp">
      <Filter>src\damselfish</Filter>
    </ClCompile>
    <ClCompile Include="src\damselfish_json.cpp">
      <Filter>src\damselfish</Filter>
    </ClCompile>
    <ClCompile Include="src\damselfish_lexer.cpp">
      <Filter>src\damselfish</Filter>
    </ClCompile>
    <ClCompile Include="src\damselfish_python.cpp">
      <Filter>src\damselfish</Filter>
    </ClCompile>
    <ClCompile Include="src\fluxions.cpp">
      <Filter>src\fluxions</Filter>
    </ClCompile>
    <ClCompile Include="src\fluxions_astronomy.cpp">
      <Filter>src\fluxions</Filter>
    </ClCompile>
    <ClCompile Include="src\fluxions_bbox.cpp">
      <Filter>src\fluxions</Filter>
    </ClCompile>
    <ClCompile Include="src\fluxions_draw_gl1gl2.cpp">
      <Filter>src\fluxions</Filter>
    </ClCompile>
    <ClCompile Include="src\fluxions_es2_renderer.cpp">
      <Filter>src\fluxions</Filter>
    </ClCompile>
    <ClCompile Include="src\fluxions_fileio.cpp">
      <Filter>src\fluxions</Filter>
    </ClCompile>
    <ClCompile Include="src\fluxions_fileio_iostream.cpp">
      <Filter>src\fluxions</Filter>
    </ClCompile>
    <ClCompile Include="src\fluxions_gte_bounding_box.cpp">
      <Filter>src\fluxions-gte</Filter>
    </ClCompile>
    <ClCompile Include="src\fluxions_gte_color_tests.cpp">
      <Filter>src\fluxions-gte</Filter>
    </ClCompile>
    <ClCompile Include="src\fluxions_gte_color3.cpp">
      <Filter>src\fluxions-gte</Filter>
    </ClCompile>
    <ClCompile Include="src\fluxions_gte_color4.cpp">
      <Filter>src\fluxions-gte</Filter>
    </ClCompile>
    <ClCompile Include="src\fluxions_gte_geometric_algebra.cpp">
      <Filter>src\fluxions-gte</Filter>
    </ClCompile>
    <ClCompile Include="src\fluxions_gte_image.cpp">
      <Filter>src\fluxions-gte</Filter>
    </ClCompile>
    <ClCompile Include="src\fluxions_gte_image_operations.cpp">
      <Filter>src\fluxions-gte</Filter>
    </ClCompile>
    <ClCompile Include="src\fluxions_gte_iostream.cpp">
      <Filter>src\fluxions-gte</Filter>
    </ClCompile>
    <ClCompile Include="src\fluxions_gte_math.cpp">
      <Filter>src\fluxions-gte</Filter>
    </ClCompile>
    <ClCompile Include="src\fluxions_gte_matrix_extra.cpp">
      <Filter>src\fluxions-gte</Filter>
    </ClCompile>
    <ClCompile Include="src\fluxions_gte_matrix_stack.cpp">
      <Filter>src\fluxions-gte</Filter>
    </ClCompile>
    <ClCompile Include="src\fluxions_gte_matrix2.cpp">
      <Filter>src\fluxions-gte</Filter>
    </ClCompile>
    <ClCompile Include="src\fluxions_gte_matrix3.cpp">
      <Filter>src\fluxions-gte</Filter>
    </ClCompile>
    <ClCompile Include="src\fluxions_gte_matrix4.cpp">
      <Filter>src\fluxions-gte</Filter>
    </ClCompile>
    <ClCompile Include="src\fluxions_gte_quaternion.cpp">
      <Filter>src\fluxions-gte</Filter>
    </ClCompile>
    <ClCompile Include="src\fluxions_gte_ray.cpp">
      <Filter>src\fluxions-gte</Filter>
    </ClCompile>
    <ClCompile Include="src\fluxions_gte_rect.cpp">
      <Filter>src\fluxions-gte</Filter>
    </ClCompile>
    <ClCompile Include="src\fluxions_gte_scalar.cpp">
      <Filter>src\fluxions-gte</Filter>
    </ClCompile>
    <ClCompile Include="src\fluxions_gte_spherical_harmonic.cpp">
      <Filter>src\fluxions-gte</Filter>
    </ClCompile>
    <ClCompile Include="src\fluxions_gte_superquadric.cpp">
      <Filter>src\fluxions-gte</Filter>
    </ClCompile>
    <ClCompile Include="src\fluxions_gte_vector2.cpp">
      <Filter>src\fluxions-gte</Filter>
    </ClCompile>
    <ClCompile Include="src\fluxions_gte_vector3.cpp">
      <Filter>src\fluxions-gte</Filter>
    </ClCompile>
    <ClCompile Include="src\fluxions_gte_vector4.cpp">
      <Filter>src\fluxions-gte</Filter>
    </ClCompile>
    <ClCompile Include="src\fluxions_multiple_render_target.cpp">
      <Filter>src\fluxions</Filter>
    </ClCompile>
    <ClCompile Include="src\fluxions_obj_static_model.cpp">
      <Filter>src\fluxions</Filter>
    </ClCompile>
    <ClCompile Include="src\fluxions_opengl.cpp">
      <Filter>src\fluxions</Filter>
    </ClCompile>
    <ClCompile Include="src\fluxions_pbsky.cpp">
      <Filter>src\fluxions</Filter>
    </ClCompile>
    <ClCompile Include="src\fluxions_render_utilities.cpp">
      <Filter>src\fluxions</Filter>
    </ClCompile>
    <ClCompile Include="src\fluxions_renderer.cpp">
      <Filter>src\fluxions</Filter>
    </ClCompile>
    <ClCompile Include="src\fluxions_simple_geometry_mesh.cpp">
      <Filter>src\fluxions</Filter>
    </ClCompile>
    <ClCompile Include="src\fluxions_simple_gles30_renderer.cpp">
      <Filter>src\fluxions</Filter>
    </ClCompile>
    <ClCompile Include="src\fluxions_simple_gpu_texture.cpp">
      <Filter>src\fluxions</Filter>
    </ClCompile>
    <ClCompile Include="src\fluxions_simple_materials.cpp">
      <Filter>src\fluxions</Filter>
    </ClCompile>
    <ClCompile Include="src\fluxions_simple_program.cpp">
      <Filter>src\fluxions</Filter>
    </ClCompile>
    <ClCompile Include="src\fluxions_simple_property.cpp">
      <Filter>src\fluxions</Filter>
    </ClCompile>
    <ClCompile Include="src\fluxions_simple_render_configuration.cpp">
      <Filter>src\fluxions</Filter>
    </ClCompile>
    <ClCompile Include="src\fluxions_simple_renderer.cpp">
      <Filter>src\fluxions</Filter>
    </ClCompile>
    <ClCompile Include="src\fluxions_simple_scene_graph.cpp">
      <Filter>src\fluxions</Filter>
    </ClCompile>
    <ClCompile Include="src\fluxions_simple_ssphh.cpp">
      <Filter>src\fluxions</Filter>
    </ClCompile>
    <ClCompile Include="src\fluxions_simple_ssphh_light.cpp">
      <Filter>src\fluxions</Filter>
    </ClCompile>
    <ClCompile Include="src\fluxions_simple_texture.cpp">
      <Filter>src\fluxions</Filter>
    </ClCompile>
    <ClCompile Include="src\fluxions_sphl.cpp">
      <Filter>src\fluxions</Filter>
    </ClCompile>
    <ClCompile Include="src\fluxions_sphl_image_texture.cpp">
      <Filter>src\fluxions</Filter>
    </ClCompile>
    <ClCompile Include="src\fluxions_sphl_sampler.cpp">
      <Filter>src\fluxions</Filter>
    </ClCompile>
    <ClCompile Include="src\fluxions_ssg_ssphh_renderer_plugin.cpp">
      <Filter>src\fluxions</Filter>
    </ClCompile>
    <ClCompile Include="src\fluxions_ssphh_utilities.cpp">
      <Filter>src\fluxions</Filter>
    </ClCompile>
    <ClCompile Include="src\fluxions_xml.cpp">
      <Filter>src\fluxions</Filter>
    </ClCompile>
    <ClCompile Include="src\fluxions-gte.cpp">
      <Filter>src\fluxions-gte</Filter>
    </ClCompile>
    <ClCompile Include="src\hatchetfish.cpp">
      <Filter>src\hatchetfish</Filter>
    </ClCompile>
    <ClCompile Include="src\hatchetfish_stopwatch.cpp">
      <Filter>src\hatchetfish</Filter>
    </ClCompile>
    <ClCompile Include="src\unicornfish.cpp">
      <Filter>src\unicornfish</Filter>
    </ClCompile>
    <ClCompile Include="src\unicornfish_broker.cpp">
      <Filter>src\unicornfish</Filter>
    </ClCompile>
    <ClCompile Include="src\unicornfish_client.cpp">
      <Filter>src\unicornfish</Filter>
    </ClCompile>
    <ClCompile Include="src\unicornfish_corona_database.cpp">
      <Filter>src\unicornfish</Filter>
    </ClCompile>
    <ClCompile Include="src\unicornfish_corona_job.cpp">
      <Filter>src\unicornfish</Filter>
    </ClCompile>
    <ClCompile Include="src\unicornfish_corona_scene_file.cpp">
      <Filter>src\unicornfish</Filter>
    </ClCompile>
    <ClCompile Include="src\unicornfish_curl.cpp">
      <Filter>src\unicornfish</Filter>
    </ClCompile>
    <ClCompile Include="src\unicornfish_frame.cpp">
      <Filter>src\unicornfish</Filter>
    </ClCompile>
    <ClCompile Include="src\unicornfish_majordomo.cpp">
      <Filter>src\unicornfish</Filter>
    </ClCompile>
    <ClCompile Include="src\unicornfish_message.cpp">
      <Filter>src\unicornfish</Filter>
    </ClCompile>
    <ClCompile Include="src\unicornfish_socket.cpp">
      <Filter>src\unicornfish</Filter>
    </ClCompile>
    <ClCompile Include="src\unicornfish_worker.cpp">
      <Filter>src\unicornfish</Filter>
    </ClCompile>
    <ClCompile Include="src\viperfish_analog_bitset.cpp">
      <Filter>src\viperfish</Filter>
    </ClCompile>
    <ClCompile Include="src\viperfish_dear_imgui.cpp">
      <Filter>src\viperfish</Filter>
    </ClCompile>
    <ClCompile Include="src\viperfish_gamepad.cpp">
      <Filter>src\viperfish</Filter>
    </ClCompile>
    <ClCompile Include="src\viperfish_keyboard.cpp">
      <Filter>src\viperfish</Filter>
    </ClCompile>
    <ClCompile Include="src\viperfish_mouse.cpp">
      <Filter>src\viperfish</Filter>
    </ClCompile>
    <ClCompile Include="src\viperfish_widget.cpp">
      <Filter>src\viperfish</Filter>
    </ClCompile>
    <ClCompile Include="src\viperfish_xinput.cpp">
      <Filter>src\viperfish</Filter>
    </ClCompile>
    <ClCompile Include="src\viperfish_root_window.cpp">
      <Filter>src\viperfish</Filter>
    </ClCompile>
  </ItemGroup>
  <ItemGroup>
    <ClInclude Include="src\pch.hpp">
      <Filter>src</Filter>
    </ClInclude>
    <ClInclude Include="include\ArHosekSkyModel.h">
      <Filter>include\fluxions-deps</Filter>
    </ClInclude>
    <ClInclude Include="include\ArHosekSkyModelData_CIEXYZ.h">
      <Filter>include\fluxions-deps</Filter>
    </ClInclude>
    <ClInclude Include="include\ArHosekSkyModelData_RGB.h">
      <Filter>include\fluxions-deps</Filter>
    </ClInclude>
    <ClInclude Include="include\ArHosekSkyModelData_Spectral.h">
      <Filter>include\fluxions-deps</Filter>
    </ClInclude>
    <ClInclude Include="include\damselfish.hpp">
      <Filter>include\damselfish</Filter>
    </ClInclude>
    <ClInclude Include="include\damselfish_evaluator.hpp">
      <Filter>include\damselfish</Filter>
    </ClInclude>
    <ClInclude Include="include\damselfish_json.hpp">
      <Filter>include\damselfish</Filter>
    </ClInclude>
    <ClInclude Include="include\damselfish_lexer.hpp">
      <Filter>include\damselfish</Filter>
    </ClInclude>
    <ClInclude Include="include\damselfish_python.hpp">
      <Filter>include\damselfish</Filter>
    </ClInclude>
    <ClInclude Include="include\damselfish_syntax_semantic_analyzer.hpp">
      <Filter>include\damselfish</Filter>
    </ClInclude>
    <ClInclude Include="include\fluxions.hpp">
      <Filter>include\fluxions</Filter>
    </ClInclude>
    <ClInclude Include="include\fluxions_astronomy.hpp">
      <Filter>include\fluxions</Filter>
    </ClInclude>
    <ClInclude Include="include\fluxions_bbox.hpp">
      <Filter>include\fluxions</Filter>
    </ClInclude>
    <ClInclude Include="include\fluxions_config.hpp">
      <Filter>include\fluxions</Filter>
    </ClInclude>
    <ClInclude Include="include\fluxions_draw_gl1gl2.hpp">
      <Filter>include\fluxions</Filter>
    </ClInclude>
    <ClInclude Include="include\fluxions_es2_renderer.hpp">
      <Filter>include\fluxions</Filter>
    </ClInclude>
    <ClInclude Include="include\fluxions_es2_state_info.hpp">
      <Filter>include\fluxions</Filter>
    </ClInclude>
    <ClInclude Include="include\fluxions_fileio.hpp">
      <Filter>include\fluxions</Filter>
    </ClInclude>
    <ClInclude Include="include\fluxions_fileio_iostream.hpp">
      <Filter>include\fluxions</Filter>
    </ClInclude>
    <ClInclude Include="include\fluxions_gte.hpp">
      <Filter>include\fluxions-gte</Filter>
    </ClInclude>
    <ClInclude Include="include\fluxions_gte_bounding_box.hpp">
      <Filter>include\fluxions-gte</Filter>
    </ClInclude>
    <ClInclude Include="include\fluxions_gte_color_math.hpp">
      <Filter>include\fluxions-gte</Filter>
    </ClInclude>
    <ClInclude Include="include\fluxions_gte_color3.hpp">
      <Filter>include\fluxions-gte</Filter>
    </ClInclude>
    <ClInclude Include="include\fluxions_gte_color4.hpp">
      <Filter>include\fluxions-gte</Filter>
    </ClInclude>
    <ClInclude Include="include\fluxions_gte_common_vector.hpp">
      <Filter>include\fluxions-gte</Filter>
    </ClInclude>
    <ClInclude Include="include\fluxions_gte_extra.hpp">
      <Filter>include\fluxions-gte</Filter>
    </ClInclude>
    <ClInclude Include="include\fluxions_gte_geometric_algebra.hpp">
      <Filter>include\fluxions-gte</Filter>
    </ClInclude>
    <ClInclude Include="include\fluxions_gte_image.hpp">
      <Filter>include\fluxions-gte</Filter>
    </ClInclude>
    <ClInclude Include="include\fluxions_gte_image_operations.hpp">
      <Filter>include\fluxions-gte</Filter>
    </ClInclude>
    <ClInclude Include="include\fluxions_gte_iostream.hpp">
      <Filter>include\fluxions-gte</Filter>
    </ClInclude>
    <ClInclude Include="include\fluxions_gte_matrix_extra.hpp">
      <Filter>include\fluxions-gte</Filter>
    </ClInclude>
    <ClInclude Include="include\fluxions_gte_matrix_math.hpp">
      <Filter>include\fluxions-gte</Filter>
    </ClInclude>
    <ClInclude Include="include\fluxions_gte_matrix_stack.hpp">
      <Filter>include\fluxions-gte</Filter>
    </ClInclude>
    <ClInclude Include="include\fluxions_gte_matrix2.hpp">
      <Filter>include\fluxions-gte</Filter>
    </ClInclude>
    <ClInclude Include="include\fluxions_gte_matrix3.hpp">
      <Filter>include\fluxions-gte</Filter>
    </ClInclude>
    <ClInclude Include="include\fluxions_gte_matrix4.hpp">
      <Filter>include\fluxions-gte</Filter>
    </ClInclude>
    <ClInclude Include="include\fluxions_gte_plane.hpp">
      <Filter>include\fluxions-gte</Filter>
    </ClInclude>
    <ClInclude Include="include\fluxions_gte_quaternion.hpp">
      <Filter>include\fluxions-gte</Filter>
    </ClInclude>
    <ClInclude Include="include\fluxions_gte_ray.hpp">
      <Filter>include\fluxions-gte</Filter>
    </ClInclude>
    <ClInclude Include="include\fluxions_gte_rect.hpp">
      <Filter>include\fluxions-gte</Filter>
    </ClInclude>
    <ClInclude Include="include\fluxions_gte_scalar.hpp">
      <Filter>include\fluxions-gte</Filter>
    </ClInclude>
    <ClInclude Include="include\fluxions_gte_scalar_math.hpp">
      <Filter>include\fluxions-gte</Filter>
    </ClInclude>
    <ClInclude Include="include\fluxions_gte_spherical_harmonic.hpp">
      <Filter>include\fluxions-gte</Filter>
    </ClInclude>
    <ClInclude Include="include\fluxions_gte_superquadric.hpp">
      <Filter>include\fluxions-gte</Filter>
    </ClInclude>
    <ClInclude Include="include\fluxions_gte_vector_math.hpp">
      <Filter>include\fluxions-gte</Filter>
    </ClInclude>
    <ClInclude Include="include\fluxions_gte_vector2.hpp">
      <Filter>include\fluxions-gte</Filter>
    </ClInclude>
    <ClInclude Include="include\fluxions_gte_vector3.hpp">
      <Filter>include\fluxions-gte</Filter>
    </ClInclude>
    <ClInclude Include="include\fluxions_gte_vector4.hpp">
      <Filter>include\fluxions-gte</Filter>
    </ClInclude>
    <ClInclude Include="include\fluxions_irenderer.hpp">
      <Filter>include\fluxions</Filter>
    </ClInclude>
    <ClInclude Include="include\fluxions_iscene.hpp">
      <Filter>include\fluxions</Filter>
    </ClInclude>
    <ClInclude Include="include\fluxions_multiple_render_target.hpp">
      <Filter>include\fluxions</Filter>
    </ClInclude>
    <ClInclude Include="include\fluxions_obj_static_model.hpp">
      <Filter>include\fluxions</Filter>
    </ClInclude>
    <ClInclude Include="include\fluxions_opengl.hpp">
      <Filter>include\fluxions</Filter>
    </ClInclude>
    <ClInclude Include="include\fluxions_pbsky.hpp">
      <Filter>include\fluxions</Filter>
    </ClInclude>
    <ClInclude Include="include\fluxions_precompiled_models.hpp">
      <Filter>include\fluxions</Filter>
    </ClInclude>
    <ClInclude Include="include\fluxions_render_utilities.hpp">
      <Filter>include\fluxions</Filter>
    </ClInclude>
    <ClInclude Include="include\fluxions_renderer.hpp">
      <Filter>include\fluxions</Filter>
    </ClInclude>
    <ClInclude Include="include\fluxions_resource_manager.hpp">
      <Filter>include\fluxions</Filter>
    </ClInclude>
    <ClInclude Include="include\fluxions_shader_program_locations.hpp">
      <Filter>include\fluxions</Filter>
    </ClInclude>
    <ClInclude Include="include\fluxions_simple_camera.hpp">
      <Filter>include\fluxions</Filter>
    </ClInclude>
    <ClInclude Include="include\fluxions_simple_cube_texture.hpp">
      <Filter>include\fluxions</Filter>
    </ClInclude>
    <ClInclude Include="include\fluxions_simple_environment.hpp">
      <Filter>include\fluxions</Filter>
    </ClInclude>
    <ClInclude Include="include\fluxions_simple_geometry_group.hpp">
      <Filter>include\fluxions</Filter>
    </ClInclude>
    <ClInclude Include="include\fluxions_simple_geometry_mesh.hpp">
      <Filter>include\fluxions</Filter>
    </ClInclude>
    <ClInclude Include="include\fluxions_simple_gles30_renderer.hpp">
      <Filter>include\fluxions</Filter>
    </ClInclude>
    <ClInclude Include="include\fluxions_simple_gpu_texture.hpp">
      <Filter>include\fluxions</Filter>
    </ClInclude>
    <ClInclude Include="include\fluxions_simple_materials.hpp">
      <Filter>include\fluxions</Filter>
    </ClInclude>
    <ClInclude Include="include\fluxions_simple_point_light.hpp">
      <Filter>include\fluxions</Filter>
    </ClInclude>
    <ClInclude Include="include\fluxions_simple_program.hpp">
      <Filter>include\fluxions</Filter>
    </ClInclude>
    <ClInclude Include="include\fluxions_simple_property.hpp">
      <Filter>include\fluxions</Filter>
    </ClInclude>
    <ClInclude Include="include\fluxions_simple_render_config.hpp">
      <Filter>include\fluxions</Filter>
    </ClInclude>
    <ClInclude Include="include\fluxions_simple_renderer.hpp">
      <Filter>include\fluxions</Filter>
    </ClInclude>
    <ClInclude Include="include\fluxions_simple_renderer_plugin.hpp">
      <Filter>include\fluxions</Filter>
    </ClInclude>
    <ClInclude Include="include\fluxions_simple_scene_graph.hpp">
      <Filter>include\fluxions</Filter>
    </ClInclude>
    <ClInclude Include="include\fluxions_simple_shader.hpp">
      <Filter>include\fluxions</Filter>
    </ClInclude>
    <ClInclude Include="include\fluxions_simple_sphere.hpp">
      <Filter>include\fluxions</Filter>
    </ClInclude>
    <ClInclude Include="include\fluxions_simple_ssphh.hpp">
      <Filter>include\fluxions</Filter>
    </ClInclude>
    <ClInclude Include="include\fluxions_simple_ssphh_light.hpp">
      <Filter>include\fluxions</Filter>
    </ClInclude>
    <ClInclude Include="include\fluxions_simple_surface.hpp">
      <Filter>include\fluxions</Filter>
    </ClInclude>
    <ClInclude Include="include\fluxions_simple_texture.hpp">
      <Filter>include\fluxions</Filter>
    </ClInclude>
    <ClInclude Include="include\fluxions_simple_uniform.hpp">
      <Filter>include\fluxions</Filter>
    </ClInclude>
    <ClInclude Include="include\fluxions_simple_vertex.hpp">
      <Filter>include\fluxions</Filter>
    </ClInclude>
    <ClInclude Include="include\fluxions_sphl.hpp">
      <Filter>include\fluxions</Filter>
    </ClInclude>
    <ClInclude Include="include\fluxions_sphl_image_texture.hpp">
      <Filter>include\fluxions</Filter>
    </ClInclude>
    <ClInclude Include="include\fluxions_sphl_sampler.hpp">
      <Filter>include\fluxions</Filter>
    </ClInclude>
    <ClInclude Include="include\fluxions_ssg_ssphh_renderer_plugin.hpp">
      <Filter>include\fluxions</Filter>
    </ClInclude>
    <ClInclude Include="include\fluxions_ssphh.hpp">
      <Filter>include\fluxions</Filter>
    </ClInclude>
    <ClInclude Include="include\fluxions_ssphh_utilities.hpp">
      <Filter>include\fluxions</Filter>
    </ClInclude>
    <ClInclude Include="include\fluxions_stdcxx.hpp">
      <Filter>include\fluxions</Filter>
    </ClInclude>
    <ClInclude Include="include\fluxions_types.hpp">
      <Filter>include\fluxions</Filter>
    </ClInclude>
    <ClInclude Include="include\fluxions_uniform_library.hpp">
      <Filter>include\fluxions</Filter>
    </ClInclude>
    <ClInclude Include="include\fluxions_utilities.hpp">
      <Filter>include\fluxions</Filter>
    </ClInclude>
    <ClInclude Include="include\fluxions_xml.hpp">
      <Filter>include\fluxions</Filter>
    </ClInclude>
    <ClInclude Include="include\hatchetfish.hpp">
      <Filter>include\hatchetfish</Filter>
    </ClInclude>
    <ClInclude Include="include\hatchetfish_stopwatch.hpp">
      <Filter>include\hatchetfish</Filter>
    </ClInclude>
    <ClInclude Include="include\unicornfish.hpp">
      <Filter>include\unicornfish</Filter>
    </ClInclude>
    <ClInclude Include="include\unicornfish_broker.hpp">
      <Filter>include\unicornfish</Filter>
    </ClInclude>
    <ClInclude Include="include\unicornfish_client.hpp">
      <Filter>include\unicornfish</Filter>
    </ClInclude>
    <ClInclude Include="include\unicornfish_corona_database.hpp">
      <Filter>include\unicornfish</Filter>
    </ClInclude>
    <ClInclude Include="include\unicornfish_corona_job.hpp">
      <Filter>include\unicornfish</Filter>
    </ClInclude>
    <ClInclude Include="include\unicornfish_corona_scene_file.hpp">
      <Filter>include\unicornfish</Filter>
    </ClInclude>
    <ClInclude Include="include\unicornfish_curl.hpp">
      <Filter>include\unicornfish</Filter>
    </ClInclude>
    <ClInclude Include="include\unicornfish_frame.hpp">
      <Filter>include\unicornfish</Filter>
    </ClInclude>
    <ClInclude Include="include\unicornfish_majordomo.hpp">
      <Filter>include\unicornfish</Filter>
    </ClInclude>
    <ClInclude Include="include\unicornfish_message.hpp">
      <Filter>include\unicornfish</Filter>
    </ClInclude>
    <ClInclude Include="include\unicornfish_socket.hpp">
      <Filter>include\unicornfish</Filter>
    </ClInclude>
    <ClInclude Include="include\unicornfish_worker.hpp">
      <Filter>include\unicornfish</Filter>
    </ClInclude>
    <ClInclude Include="include\viperfish.hpp">
      <Filter>include\viperfish</Filter>
    </ClInclude>
    <ClInclude Include="include\viperfish_dear_imgui.hpp">
      <Filter>include\viperfish</Filter>
    </ClInclude>
    <ClInclude Include="include\viperfish_gamepad.hpp">
      <Filter>include\viperfish</Filter>
    </ClInclude>
    <ClInclude Include="include\viperfish_keyboard.hpp">
      <Filter>include\viperfish</Filter>
    </ClInclude>
    <ClInclude Include="include\viperfish_mouse.hpp">
      <Filter>include\viperfish</Filter>
    </ClInclude>
    <ClInclude Include="include\viperfish_opengl.hpp">
      <Filter>include\viperfish</Filter>
    </ClInclude>
    <ClInclude Include="include\viperfish_utilities.hpp">
      <Filter>include\viperfish</Filter>
    </ClInclude>
    <ClInclude Include="include\viperfish_widget.hpp">
      <Filter>include\viperfish</Filter>
    </ClInclude>
    <ClInclude Include="include\viperfish_xinput.hpp">
      <Filter>include\viperfish</Filter>
    </ClInclude>
    <ClInclude Include="include\viperfish_root_window.hpp">
      <Filter>src\viperfish</Filter>
    </ClInclude>
  </ItemGroup>
  <ItemGroup>
    <Filter Include="include">
      <UniqueIdentifier>{9a48d646-4749-406e-890e-c87c64dbae5c}</UniqueIdentifier>
    </Filter>
    <Filter Include="src">
      <UniqueIdentifier>{d1485374-19f7-4d07-ab23-9ba947ef463f}</UniqueIdentifier>
    </Filter>
    <Filter Include="include\fluxions">
      <UniqueIdentifier>{c98ba60b-cb86-4990-90f0-bb4dcd39422e}</UniqueIdentifier>
    </Filter>
    <Filter Include="include\fluxions-deps">
      <UniqueIdentifier>{7b0abd57-10d9-4bcf-9111-4512a27d8dc8}</UniqueIdentifier>
    </Filter>
    <Filter Include="include\fluxions-gte">
      <UniqueIdentifier>{d7a70412-4378-4a2c-b4b9-33c0aba46c54}</UniqueIdentifier>
    </Filter>
    <Filter Include="include\damselfish">
      <UniqueIdentifier>{66188a2c-7639-4738-9a40-dc9116798198}</UniqueIdentifier>
    </Filter>
    <Filter Include="include\hatchetfish">
      <UniqueIdentifier>{6ee8498d-0fbe-4ce1-941e-e1da6a4b0978}</UniqueIdentifier>
    </Filter>
    <Filter Include="include\unicornfish">
      <UniqueIdentifier>{cba7d453-2d80-4398-98c1-f4165b85bafd}</UniqueIdentifier>
    </Filter>
    <Filter Include="include\viperfish">
      <UniqueIdentifier>{2163ad4f-cd14-4dde-8671-aa68fa163e4e}</UniqueIdentifier>
    </Filter>
    <Filter Include="src\fluxions">
      <UniqueIdentifier>{fcd8b35f-e43d-45ec-b298-ec3a7a5829bc}</UniqueIdentifier>
    </Filter>
    <Filter Include="src\fluxions-deps">
      <UniqueIdentifier>{55522885-5a5a-4cbb-8bd6-26e63a02686b}</UniqueIdentifier>
    </Filter>
    <Filter Include="src\fluxions-gte">
      <UniqueIdentifier>{0f4af680-0c35-47bc-857f-ef40b9677c4e}</UniqueIdentifier>
    </Filter>
    <Filter Include="src\damselfish">
      <UniqueIdentifier>{e3bfb85a-4ab6-4a5d-9660-8e30ca811834}</UniqueIdentifier>
    </Filter>
    <Filter Include="src\hatchetfish">
      <UniqueIdentifier>{9c7bae7f-55e4-4740-aca1-2cc80c27275f}</UniqueIdentifier>
    </Filter>
    <Filter Include="src\unicornfish">
      <UniqueIdentifier>{6d897102-767e-414e-9dfb-cc1ed1f5a85d}</UniqueIdentifier>
    </Filter>
    <Filter Include="src\viperfish">
      <UniqueIdentifier>{3575abc3-b5f3-446e-a652-fdd465647547}</UniqueIdentifier>
    </Filter>
  </ItemGroup>
  <ItemGroup>
    <None Include="src\pch.h.gch">
      <Filter>src</Filter>
    </None>
    <None Include="src\stdafx.h.gch">
      <Filter>src</Filter>
    </None>
  </ItemGroup>
</Project>