
Microsoft Visual Studio Solution File, Format Version 12.00
# Visual Studio 15
VisualStudioVersion = 15.0.26430.13
MinimumVisualStudioVersion = 10.0.40219.1
Project("{8BC9CEB8-8B4A-11D0-8D11-00A0C91BC942}") = "fluxions", "fluxions.vcxproj", "{CC5438F5-5E12-4F28-8B2F-13359021B095}"
EndProject
Global
	GlobalSection(SolutionConfigurationPlatforms) = preSolution
		Debug|x64 = Debug|x64
		Debug|x86 = Debug|x86
		Release|x64 = Release|x64
		Release|x86 = Release|x86
	EndGlobalSection
	GlobalSection(ProjectConfigurationPlatforms) = postSolution
		{CC5438F5-5E12-4F28-8B2F-13359021B095}.Debug|x64.ActiveCfg = Debug|x64
		{CC5438F5-5E12-4F28-8B2F-13359021B095}.Debug|x64.Build.0 = Debug|x64
		{CC5438F5-5E12-4F28-8B2F-13359021B095}.Debug|x86.ActiveCfg = Debug|Win32
		{CC5438F5-5E12-4F28-8B2F-13359021B095}.Debug|x86.Build.0 = Debug|Win32
		{CC5438F5-5E12-4F28-8B2F-13359021B095}.Release|x64.ActiveCfg = Release|x64
		{CC5438F5-5E12-4F28-8B2F-13359021B095}.Release|x64.Build.0 = Release|x64
		{CC5438F5-5E12-4F28-8B2F-13359021B095}.Release|x86.ActiveCfg = Release|Win32
		{CC5438F5-5E12-4F28-8B2F-13359021B095}.Release|x86.Build.0 = Release|Win32
	EndGlobalSection
	GlobalSection(SolutionProperties) = preSolution
		HideSolutionNode = FALSE
	EndGlobalSection
	GlobalSection(ExtensibilityGlobals) = postSolution
		SolutionGuid = {48DF1A1A-B460-4FFF-A8E1-1D2D985A9F76}
	EndGlobalSection
EndGlobal
