<?xml version="1.0" encoding="utf-8"?>
<Project ToolsVersion="4.0" xmlns="http://schemas.microsoft.com/developer/msbuild/2003">
  <ItemGroup>
    <ClCompile Include="src\pch.cpp">
      <Filter>src</Filter>
    </ClCompile>
    <ClCompile Include="src\fluxions_xml.cpp">
      <Filter>src</Filter>
    </ClCompile>
    <ClCompile Include="src\fluxions.cpp">
      <Filter>src</Filter>
    </ClCompile>
    <ClCompile Include="src\fluxions_astronomy.cpp">
      <Filter>src</Filter>
    </ClCompile>
    <ClCompile Include="src\fluxions_bbox.cpp">
      <Filter>src</Filter>
    </ClCompile>
    <ClCompile Include="src\fluxions_draw_gl1gl2.cpp">
      <Filter>src</Filter>
    </ClCompile>
    <ClCompile Include="src\fluxions_es2_renderer.cpp">
      <Filter>src</Filter>
    </ClCompile>
    <ClCompile Include="src\fluxions_fileio.cpp">
      <Filter>src</Filter>
    </ClCompile>
    <ClCompile Include="src\fluxions_multiple_render_target.cpp">
      <Filter>src</Filter>
    </ClCompile>
    <ClCompile Include="src\fluxions_opengl.cpp">
      <Filter>src</Filter>
    </ClCompile>
    <ClCompile Include="src\fluxions_pbsky.cpp">
      <Filter>src</Filter>
    </ClCompile>
    <ClCompile Include="src\fluxions_renderer.cpp">
      <Filter>src</Filter>
    </ClCompile>
    <ClCompile Include="src\fluxions_simple_geometry_mesh.cpp">
      <Filter>src</Filter>
    </ClCompile>
    <ClCompile Include="src\fluxions_simple_gles30_renderer.cpp">
      <Filter>src</Filter>
    </ClCompile>
    <ClCompile Include="src\fluxions_simple_materials.cpp">
      <Filter>src</Filter>
    </ClCompile>
    <ClCompile Include="src\fluxions_simple_program.cpp">
      <Filter>src</Filter>
    </ClCompile>
    <ClCompile Include="src\fluxions_simple_property.cpp">
      <Filter>src</Filter>
    </ClCompile>
    <ClCompile Include="src\fluxions_simple_render_configuration.cpp">
      <Filter>src</Filter>
    </ClCompile>
    <ClCompile Include="src\fluxions_simple_renderer.cpp">
      <Filter>src</Filter>
    </ClCompile>
    <ClCompile Include="src\fluxions_simple_scene_graph.cpp">
      <Filter>src</Filter>
    </ClCompile>
    <ClCompile Include="src\fluxions_simple_texture.cpp">
      <Filter>src</Filter>
    </ClCompile>
    <ClCompile Include="src\fluxions_fileio_iostream.cpp">
      <Filter>src</Filter>
    </ClCompile>
    <ClCompile Include="src\fluxions_obj_static_model.cpp">
      <Filter>src</Filter>
    </ClCompile>
    <ClCompile Include="src\fluxions_simple_ssphh_light.cpp">
      <Filter>src</Filter>
    </ClCompile>
    <ClCompile Include="src\fluxions_sphl.cpp">
      <Filter>src</Filter>
    </ClCompile>
    <ClCompile Include="src\fluxions_sphl_sampler.cpp">
      <Filter>src</Filter>
    </ClCompile>
    <ClCompile Include="src\fluxions_sphl_image_texture.cpp">
      <Filter>src</Filter>
    </ClCompile>
    <ClCompile Include="src\fluxions_simple_gpu_texture.cpp">
      <Filter>src</Filter>
    </ClCompile>
    <ClCompile Include="src\fluxions_ssphh_utilities.cpp">
      <Filter>src</Filter>
    </ClCompile>
    <ClCompile Include="src\fluxions_simple_ssphh.cpp">
      <Filter>src</Filter>
    </ClCompile>
    <ClCompile Include="src\fluxions_ssg_ssphh_renderer_plugin.cpp">
      <Filter>src</Filter>
    </ClCompile>
    <ClCompile Include="src\fluxions_render_utilities.cpp">
      <Filter>src</Filter>
    </ClCompile>
  </ItemGroup>
  <ItemGroup>
    <ClInclude Include="src\pch.hpp">
      <Filter>src</Filter>
    </ClInclude>
    <ClInclude Include="include\fluxions.hpp">
      <Filter>include</Filter>
    </ClInclude>
    <ClInclude Include="include\fluxions_astronomy.hpp">
      <Filter>include</Filter>
    </ClInclude>
    <ClInclude Include="include\fluxions_bbox.hpp">
      <Filter>include</Filter>
    </ClInclude>
    <ClInclude Include="include\fluxions_config.hpp">
      <Filter>include</Filter>
    </ClInclude>
    <ClInclude Include="include\fluxions_draw_gl1gl2.hpp">
      <Filter>include</Filter>
    </ClInclude>
    <ClInclude Include="include\fluxions_es2_renderer.hpp">
      <Filter>include</Filter>
    </ClInclude>
    <ClInclude Include="include\fluxions_es2_state_info.hpp">
      <Filter>include</Filter>
    </ClInclude>
    <ClInclude Include="include\fluxions_fileio.hpp">
      <Filter>include</Filter>
    </ClInclude>
    <ClInclude Include="include\fluxions_multiple_render_target.hpp">
      <Filter>include</Filter>
    </ClInclude>
    <ClInclude Include="include\fluxions_opengl.hpp">
      <Filter>include</Filter>
    </ClInclude>
    <ClInclude Include="include\fluxions_pbsky.hpp">
      <Filter>include</Filter>
    </ClInclude>
    <ClInclude Include="include\fluxions_precompiled_models.hpp">
      <Filter>include</Filter>
    </ClInclude>
    <ClInclude Include="include\fluxions_renderer.hpp">
      <Filter>include</Filter>
    </ClInclude>
    <ClInclude Include="include\fluxions_resource_manager.hpp">
      <Filter>include</Filter>
    </ClInclude>
    <ClInclude Include="include\fluxions_simple_geometry_mesh.hpp">
      <Filter>include</Filter>
    </ClInclude>
    <ClInclude Include="include\fluxions_simple_gles30_renderer.hpp">
      <Filter>include</Filter>
    </ClInclude>
    <ClInclude Include="include\fluxions_simple_materials.hpp">
      <Filter>include</Filter>
    </ClInclude>
    <ClInclude Include="include\fluxions_simple_property.hpp">
      <Filter>include</Filter>
    </ClInclude>
    <ClInclude Include="include\fluxions_simple_renderer.hpp">
      <Filter>include</Filter>
    </ClInclude>
    <ClInclude Include="include\fluxions_simple_scene_graph.hpp">
      <Filter>include</Filter>
    </ClInclude>
    <ClInclude Include="include\fluxions_simple_texture.hpp">
      <Filter>include</Filter>
    </ClInclude>
    <ClInclude Include="include\fluxions_stdcxx.hpp">
      <Filter>include</Filter>
    </ClInclude>
    <ClInclude Include="include\fluxions_types.hpp">
      <Filter>include</Filter>
    </ClInclude>
    <ClInclude Include="include\fluxions_uniform_library.hpp">
      <Filter>include</Filter>
    </ClInclude>
    <ClInclude Include="include\fluxions_utilities.hpp">
      <Filter>include</Filter>
    </ClInclude>
    <ClInclude Include="include\fluxions_xml.hpp">
      <Filter>include</Filter>
    </ClInclude>
    <ClInclude Include="include\fluxions_fileio_iostream.hpp">
      <Filter>include</Filter>
    </ClInclude>
    <ClInclude Include="include\fluxions_obj_static_model.hpp">
      <Filter>include</Filter>
    </ClInclude>
    <ClInclude Include="include\fluxions_simple_ssphh.hpp">
      <Filter>include</Filter>
    </ClInclude>
    <ClInclude Include="include\fluxions_simple_ssphh_light.hpp">
      <Filter>include</Filter>
    </ClInclude>
    <ClInclude Include="include\fluxions_sphl.hpp">
      <Filter>include</Filter>
    </ClInclude>
    <ClInclude Include="include\fluxions_sphl_sampler.hpp">
      <Filter>include</Filter>
    </ClInclude>
    <ClInclude Include="include\fluxions_ssphh.hpp">
      <Filter>include</Filter>
    </ClInclude>
    <ClInclude Include="include\fluxions_sphl_image_texture.hpp">
      <Filter>include</Filter>
    </ClInclude>
    <ClInclude Include="include\fluxions_simple_gpu_texture.hpp">
      <Filter>include</Filter>
    </ClInclude>
    <ClInclude Include="include\fluxions_render_utilities.hpp">
      <Filter>include</Filter>
    </ClInclude>
    <ClInclude Include="include\fluxions_shader_program_locations.hpp">
      <Filter>include</Filter>
    </ClInclude>
    <ClInclude Include="include\fluxions_simple_camera.hpp">
      <Filter>include</Filter>
    </ClInclude>
    <ClInclude Include="include\fluxions_simple_cube_texture.hpp">
      <Filter>include</Filter>
    </ClInclude>
    <ClInclude Include="include\fluxions_simple_environment.hpp">
      <Filter>include</Filter>
    </ClInclude>
    <ClInclude Include="include\fluxions_simple_geometry_group.hpp">
      <Filter>include</Filter>
    </ClInclude>
    <ClInclude Include="include\fluxions_simple_point_light.hpp">
      <Filter>include</Filter>
    </ClInclude>
    <ClInclude Include="include\fluxions_simple_program.hpp">
      <Filter>include</Filter>
    </ClInclude>
    <ClInclude Include="include\fluxions_simple_render_config.hpp">
      <Filter>include</Filter>
    </ClInclude>
    <ClInclude Include="include\fluxions_simple_renderer_plugin.hpp">
      <Filter>include</Filter>
    </ClInclude>
    <ClInclude Include="include\fluxions_simple_shader.hpp">
      <Filter>include</Filter>
    </ClInclude>
    <ClInclude Include="include\fluxions_simple_sphere.hpp">
      <Filter>include</Filter>
    </ClInclude>
    <ClInclude Include="include\fluxions_simple_surface.hpp">
      <Filter>include</Filter>
    </ClInclude>
    <ClInclude Include="include\fluxions_simple_uniform.hpp">
      <Filter>include</Filter>
    </ClInclude>
    <ClInclude Include="include\fluxions_simple_vertex.hpp">
      <Filter>include</Filter>
    </ClInclude>
    <ClInclude Include="include\fluxions_ssphh_utilities.hpp">
      <Filter>include</Filter>
    </ClInclude>
    <ClInclude Include="include\fluxions_ssg_ssphh_renderer_plugin.hpp">
      <Filter>include</Filter>
    </ClInclude>
    <ClInclude Include="include\fluxions_iscene.hpp">
      <Filter>include</Filter>
    </ClInclude>
    <ClInclude Include="include\fluxions_irenderer.hpp">
      <Filter>include</Filter>
    </ClInclude>
  </ItemGroup>
  <ItemGroup>
    <Filter Include="include">
      <UniqueIdentifier>{9a48d646-4749-406e-890e-c87c64dbae5c}</UniqueIdentifier>
    </Filter>
    <Filter Include="src">
      <UniqueIdentifier>{d1485374-19f7-4d07-ab23-9ba947ef463f}</UniqueIdentifier>
    </Filter>
  </ItemGroup>
</Project>